
Microsoft Visual Studio Solution File, Format Version 12.00
# Visual Studio Version 16
VisualStudioVersion = 16.0.30204.135
MinimumVisualStudioVersion = 10.0.40219.1
Project("{9A19103F-16F7-4668-BE54-9A1E7A4F7556}") = "BCMWeb.API", "BCMWeb.API\BCMWeb.API.csproj", "{7EC1EBA1-8034-4D64-9127-595C5D6F5323}"
EndProject
Project("{9A19103F-16F7-4668-BE54-9A1E7A4F7556}") = "BCMWeb.Core", "BCMWeb.Core\BCMWeb.Core.csproj", "{6D979B56-2415-496F-ACC2-64BC198E29C6}"
EndProject
Project("{9A19103F-16F7-4668-BE54-9A1E7A4F7556}") = "BCMWeb.Application", "BCMWeb.Application\BCMWeb.Application.csproj", "{DA3D1FCB-72D4-4C20-BA6B-7367BB3A6FB6}"
EndProject
Project("{9A19103F-16F7-4668-BE54-9A1E7A4F7556}") = "BCMWeb.Infrastructure", "BCMWeb.Infrastructure\BCMWeb.Infrastructure.csproj", "{09EF7A72-1271-49CB-AF57-827FD38FD184}"
EndProject
Project("{2150E333-8FDC-42A3-9474-1A3956D46DE8}") = "Tests", "Tests", "{12036E51-1CFD-416C-99AA-8BFD0CD503D0}"
EndProject
Project("{FAE04EC0-301F-11D3-BF4B-00C04F79EFBC}") = "BCMWeb.UnitTests", "BCMWeb.UnitTests\BCMWeb.UnitTests.csproj", "{E1D61A77-F439-4DCF-BD10-3057F0AFE836}"
EndProject
Project("{FAE04EC0-301F-11D3-BF4B-00C04F79EFBC}") = "BCMWeb3.IntegrationTests", "BCMWeb3.IntegrationTests\BCMWeb3.IntegrationTests.csproj", "{132F0738-6C05-4FCF-99B8-AC44A662904F}"
EndProject
Global
	GlobalSection(SolutionConfigurationPlatforms) = preSolution
		Debug|Any CPU = Debug|Any CPU
		Release|Any CPU = Release|Any CPU
	EndGlobalSection
	GlobalSection(ProjectConfigurationPlatforms) = postSolution
		{7EC1EBA1-8034-4D64-9127-595C5D6F5323}.Debug|Any CPU.ActiveCfg = Debug|Any CPU
		{7EC1EBA1-8034-4D64-9127-595C5D6F5323}.Debug|Any CPU.Build.0 = Debug|Any CPU
		{7EC1EBA1-8034-4D64-9127-595C5D6F5323}.Release|Any CPU.ActiveCfg = Release|Any CPU
		{7EC1EBA1-8034-4D64-9127-595C5D6F5323}.Release|Any CPU.Build.0 = Release|Any CPU
		{6D979B56-2415-496F-ACC2-64BC198E29C6}.Debug|Any CPU.ActiveCfg = Debug|Any CPU
		{6D979B56-2415-496F-ACC2-64BC198E29C6}.Debug|Any CPU.Build.0 = Debug|Any CPU
		{6D979B56-2415-496F-ACC2-64BC198E29C6}.Release|Any CPU.ActiveCfg = Release|Any CPU
		{6D979B56-2415-496F-ACC2-64BC198E29C6}.Release|Any CPU.Build.0 = Release|Any CPU
		{DA3D1FCB-72D4-4C20-BA6B-7367BB3A6FB6}.Debug|Any CPU.ActiveCfg = Debug|Any CPU
		{DA3D1FCB-72D4-4C20-BA6B-7367BB3A6FB6}.Debug|Any CPU.Build.0 = Debug|Any CPU
		{DA3D1FCB-72D4-4C20-BA6B-7367BB3A6FB6}.Release|Any CPU.ActiveCfg = Release|Any CPU
		{DA3D1FCB-72D4-4C20-BA6B-7367BB3A6FB6}.Release|Any CPU.Build.0 = Release|Any CPU
		{09EF7A72-1271-49CB-AF57-827FD38FD184}.Debug|Any CPU.ActiveCfg = Debug|Any CPU
		{09EF7A72-1271-49CB-AF57-827FD38FD184}.Debug|Any CPU.Build.0 = Debug|Any CPU
		{09EF7A72-1271-49CB-AF57-827FD38FD184}.Release|Any CPU.ActiveCfg = Release|Any CPU
		{09EF7A72-1271-49CB-AF57-827FD38FD184}.Release|Any CPU.Build.0 = Release|Any CPU
		{E1D61A77-F439-4DCF-BD10-3057F0AFE836}.Debug|Any CPU.ActiveCfg = Debug|Any CPU
		{E1D61A77-F439-4DCF-BD10-3057F0AFE836}.Debug|Any CPU.Build.0 = Debug|Any CPU
		{E1D61A77-F439-4DCF-BD10-3057F0AFE836}.Release|Any CPU.ActiveCfg = Release|Any CPU
		{E1D61A77-F439-4DCF-BD10-3057F0AFE836}.Release|Any CPU.Build.0 = Release|Any CPU
		{132F0738-6C05-4FCF-99B8-AC44A662904F}.Debug|Any CPU.ActiveCfg = Debug|Any CPU
		{132F0738-6C05-4FCF-99B8-AC44A662904F}.Debug|Any CPU.Build.0 = Debug|Any CPU
		{132F0738-6C05-4FCF-99B8-AC44A662904F}.Release|Any CPU.ActiveCfg = Release|Any CPU
		{132F0738-6C05-4FCF-99B8-AC44A662904F}.Release|Any CPU.Build.0 = Release|Any CPU
	EndGlobalSection
	GlobalSection(SolutionProperties) = preSolution
		HideSolutionNode = FALSE
	EndGlobalSection
	GlobalSection(NestedProjects) = preSolution
		{E1D61A77-F439-4DCF-BD10-3057F0AFE836} = {12036E51-1CFD-416C-99AA-8BFD0CD503D0}
		{132F0738-6C05-4FCF-99B8-AC44A662904F} = {12036E51-1CFD-416C-99AA-8BFD0CD503D0}
	EndGlobalSection
	GlobalSection(ExtensibilityGlobals) = postSolution
		SolutionGuid = {56B2BC7A-1BDF-4BCE-9A3A-7E2FDAE58E02}
	EndGlobalSection
EndGlobal
